
Microsoft Visual Studio Solution File, Format Version 12.00
# Visual Studio Version 17
VisualStudioVersion = 17.9.34607.119
MinimumVisualStudioVersion = 10.0.40219.1
Project("{FAE04EC0-301F-11D3-BF4B-00C04F79EFBC}") = "Escuela de computacion actividad 2", "Escuela de computacion actividad 2\Escuela de computacion actividad 2.csproj", "{D91ECF56-DD49-4D40-8C03-86D46714227F}"
EndProject
Global
	GlobalSection(SolutionConfigurationPlatforms) = preSolution
		Debug|Any CPU = Debug|Any CPU
		Release|Any CPU = Release|Any CPU
	EndGlobalSection
	GlobalSection(ProjectConfigurationPlatforms) = postSolution
		{D91ECF56-DD49-4D40-8C03-86D46714227F}.Debug|Any CPU.ActiveCfg = Debug|Any CPU
		{D91ECF56-DD49-4D40-8C03-86D46714227F}.Debug|Any CPU.Build.0 = Debug|Any CPU
		{D91ECF56-DD49-4D40-8C03-86D46714227F}.Release|Any CPU.ActiveCfg = Release|Any CPU
		{D91ECF56-DD49-4D40-8C03-86D46714227F}.Release|Any CPU.Build.0 = Release|Any CPU
	EndGlobalSection
	GlobalSection(SolutionProperties) = preSolution
		HideSolutionNode = FALSE
	EndGlobalSection
	GlobalSection(ExtensibilityGlobals) = postSolution
		SolutionGuid = {9BA237D2-6807-46F5-8BEF-677F6D2A61E1}
	EndGlobalSection
EndGlobal
